
Microsoft Visual Studio Solution File, Format Version 12.00
# Visual Studio 15
VisualStudioVersion = 15.0.28010.2026
MinimumVisualStudioVersion = 10.0.40219.1
Project("{FAE04EC0-301F-11D3-BF4B-00C04F79EFBC}") = "Conf3_CP", "Conf3_CP\Conf3_CP.csproj", "{C5A8DEA6-56E9-4C6C-848B-1F18703C057E}"
EndProject
Global
	GlobalSection(SolutionConfigurationPlatforms) = preSolution
		Debug|Any CPU = Debug|Any CPU
		Release|Any CPU = Release|Any CPU
	EndGlobalSection
	GlobalSection(ProjectConfigurationPlatforms) = postSolution
		{C5A8DEA6-56E9-4C6C-848B-1F18703C057E}.Debug|Any CPU.ActiveCfg = Debug|Any CPU
		{C5A8DEA6-56E9-4C6C-848B-1F18703C057E}.Debug|Any CPU.Build.0 = Debug|Any CPU
		{C5A8DEA6-56E9-4C6C-848B-1F18703C057E}.Release|Any CPU.ActiveCfg = Release|Any CPU
		{C5A8DEA6-56E9-4C6C-848B-1F18703C057E}.Release|Any CPU.Build.0 = Release|Any CPU
	EndGlobalSection
	GlobalSection(SolutionProperties) = preSolution
		HideSolutionNode = FALSE
	EndGlobalSection
	GlobalSection(ExtensibilityGlobals) = postSolution
		SolutionGuid = {E58A31F2-8A37-4133-908C-B53A232B1047}
	EndGlobalSection
EndGlobal
